
Microsoft Visual Studio Solution File, Format Version 12.00
# Visual Studio Version 16
VisualStudioVersion = 16.0.32002.261
MinimumVisualStudioVersion = 10.0.40219.1
Project("{FAE04EC0-301F-11D3-BF4B-00C04F79EFBC}") = "Mai.Justin.RRCAGApp", "Mai.Justin.RRCAGApp\Mai.Justin.RRCAGApp.csproj", "{7FE76C70-AA13-4F71-943A-3416CFC38098}"
EndProject
Global
	GlobalSection(SolutionConfigurationPlatforms) = preSolution
		Debug|Any CPU = Debug|Any CPU
		Release|Any CPU = Release|Any CPU
	EndGlobalSection
	GlobalSection(ProjectConfigurationPlatforms) = postSolution
		{7FE76C70-AA13-4F71-943A-3416CFC38098}.Debug|Any CPU.ActiveCfg = Debug|Any CPU
		{7FE76C70-AA13-4F71-943A-3416CFC38098}.Debug|Any CPU.Build.0 = Debug|Any CPU
		{7FE76C70-AA13-4F71-943A-3416CFC38098}.Release|Any CPU.ActiveCfg = Release|Any CPU
		{7FE76C70-AA13-4F71-943A-3416CFC38098}.Release|Any CPU.Build.0 = Release|Any CPU
	EndGlobalSection
	GlobalSection(SolutionProperties) = preSolution
		HideSolutionNode = FALSE
	EndGlobalSection
	GlobalSection(ExtensibilityGlobals) = postSolution
		SolutionGuid = {BD66E8B3-D339-4436-B8F3-6C2FA79D6C2C}
	EndGlobalSection
EndGlobal
